// !$*UTF8*$!
{
	archiveVersion = 1;
	classes = {
	};
	objectVersion = 56;
	objects = {

/* Begin PBXBuildFile section */
		9785C87A2AE2DA0D00B7011F /* AppDelegate.swift in Sources */ = {isa = PBXBuildFile; fileRef = 9785C8792AE2DA0D00B7011F /* AppDelegate.swift */; };
		9785C87C2AE2DA0D00B7011F /* SceneDelegate.swift in Sources */ = {isa = PBXBuildFile; fileRef = 9785C87B2AE2DA0D00B7011F /* SceneDelegate.swift */; };
		9785C87E2AE2DA0D00B7011F /* ViewController.swift in Sources */ = {isa = PBXBuildFile; fileRef = 9785C87D2AE2DA0D00B7011F /* ViewController.swift */; };
		9785C8812AE2DA0D00B7011F /* Main.storyboard in Resources */ = {isa = PBXBuildFile; fileRef = 9785C87F2AE2DA0D00B7011F /* Main.storyboard */; };
		9785C8832AE2DA0E00B7011F /* Assets.xcassets in Resources */ = {isa = PBXBuildFile; fileRef = 9785C8822AE2DA0E00B7011F /* Assets.xcassets */; };
		9785C8862AE2DA0E00B7011F /* LaunchScreen.storyboard in Resources */ = {isa = PBXBuildFile; fileRef = 9785C8842AE2DA0E00B7011F /* LaunchScreen.storyboard */; };
		9785C8912AE2DA0E00B7011F /* GuseTestTests.swift in Sources */ = {isa = PBXBuildFile; fileRef = 9785C8902AE2DA0E00B7011F /* GuseTestTests.swift */; };
		9785C89B2AE2DA0E00B7011F /* GuseTestUITests.swift in Sources */ = {isa = PBXBuildFile; fileRef = 9785C89A2AE2DA0E00B7011F /* GuseTestUITests.swift */; };
		9785C89D2AE2DA0E00B7011F /* GuseTestUITestsLaunchTests.swift in Sources */ = {isa = PBXBuildFile; fileRef = 9785C89C2AE2DA0E00B7011F /* GuseTestUITestsLaunchTests.swift */; };
		9785C8AF2AE2DA6700B7011F /* Localizable.strings in Resources */ = {isa = PBXBuildFile; fileRef = 9785C8B12AE2DA6700B7011F /* Localizable.strings */; };
/* End PBXBuildFile section */

/* Begin PBXContainerItemProxy section */
		9785C88D2AE2DA0E00B7011F /* PBXContainerItemProxy */ = {
			isa = PBXContainerItemProxy;
			containerPortal = 9785C86E2AE2DA0D00B7011F /* Project object */;
			proxyType = 1;
			remoteGlobalIDString = 9785C8752AE2DA0D00B7011F;
			remoteInfo = GuseTest;
		};
		9785C8972AE2DA0E00B7011F /* PBXContainerItemProxy */ = {
			isa = PBXContainerItemProxy;
			containerPortal = 9785C86E2AE2DA0D00B7011F /* Project object */;
			proxyType = 1;
			remoteGlobalIDString = 9785C8752AE2DA0D00B7011F;
			remoteInfo = GuseTest;
		};
/* End PBXContainerItemProxy section */

/* Begin PBXFileReference section */
		9785C8762AE2DA0D00B7011F /* GuseTest.app */ = {isa = PBXFileReference; explicitFileType = wrapper.application; includeInIndex = 0; path = GuseTest.app; sourceTree = BUILT_PRODUCTS_DIR; };
		9785C8792AE2DA0D00B7011F /* AppDelegate.swift */ = {isa = PBXFileReference; lastKnownFileType = sourcecode.swift; path = AppDelegate.swift; sourceTree = "<group>"; };
		9785C87B2AE2DA0D00B7011F /* SceneDelegate.swift */ = {isa = PBXFileReference; lastKnownFileType = sourcecode.swift; path = SceneDelegate.swift; sourceTree = "<group>"; };
		9785C87D2AE2DA0D00B7011F /* ViewController.swift */ = {isa = PBXFileReference; lastKnownFileType = sourcecode.swift; path = ViewController.swift; sourceTree = "<group>"; };
		9785C8802AE2DA0D00B7011F /* Base */ = {isa = PBXFileReference; lastKnownFileType = file.storyboard; name = Base; path = Base.lproj/Main.storyboard; sourceTree = "<group>"; };
		9785C8822AE2DA0E00B7011F /* Assets.xcassets */ = {isa = PBXFileReference; lastKnownFileType = folder.assetcatalog; path = Assets.xcassets; sourceTree = "<group>"; };
		9785C8852AE2DA0E00B7011F /* Base */ = {isa = PBXFileReference; lastKnownFileType = file.storyboard; name = Base; path = Base.lproj/LaunchScreen.storyboard; sourceTree = "<group>"; };
		9785C8872AE2DA0E00B7011F /* Info.plist */ = {isa = PBXFileReference; lastKnownFileType = text.plist.xml; path = Info.plist; sourceTree = "<group>"; };
		9785C88C2AE2DA0E00B7011F /* GuseTestTests.xctest */ = {isa = PBXFileReference; explicitFileType = wrapper.cfbundle; includeInIndex = 0; path = GuseTestTests.xctest; sourceTree = BUILT_PRODUCTS_DIR; };
		9785C8902AE2DA0E00B7011F /* GuseTestTests.swift */ = {isa = PBXFileReference; lastKnownFileType = sourcecode.swift; path = GuseTestTests.swift; sourceTree = "<group>"; };
		9785C8962AE2DA0E00B7011F /* GuseTestUITests.xctest */ = {isa = PBXFileReference; explicitFileType = wrapper.cfbundle; includeInIndex = 0; path = GuseTestUITests.xctest; sourceTree = BUILT_PRODUCTS_DIR; };
		9785C89A2AE2DA0E00B7011F /* GuseTestUITests.swift */ = {isa = PBXFileReference; lastKnownFileType = sourcecode.swift; path = GuseTestUITests.swift; sourceTree = "<group>"; };
		9785C89C2AE2DA0E00B7011F /* GuseTestUITestsLaunchTests.swift */ = {isa = PBXFileReference; lastKnownFileType = sourcecode.swift; path = GuseTestUITestsLaunchTests.swift; sourceTree = "<group>"; };
		9785C8A92AE2DA3300B7011F /* zh-Hans */ = {isa = PBXFileReference; lastKnownFileType = text.plist.strings; name = "zh-Hans"; path = "zh-Hans.lproj/Main.strings"; sourceTree = "<group>"; };
		9785C8AA2AE2DA3300B7011F /* zh-Hans */ = {isa = PBXFileReference; lastKnownFileType = text.plist.strings; name = "zh-Hans"; path = "zh-Hans.lproj/LaunchScreen.strings"; sourceTree = "<group>"; };
		9785C8AB2AE2DA3700B7011F /* zh-Hant */ = {isa = PBXFileReference; lastKnownFileType = text.plist.strings; name = "zh-Hant"; path = "zh-Hant.lproj/Main.strings"; sourceTree = "<group>"; };
		9785C8AC2AE2DA3700B7011F /* zh-Hant */ = {isa = PBXFileReference; lastKnownFileType = text.plist.strings; name = "zh-Hant"; path = "zh-Hant.lproj/LaunchScreen.strings"; sourceTree = "<group>"; };
		9785C8B02AE2DA6700B7011F /* en */ = {isa = PBXFileReference; lastKnownFileType = text.plist.strings; name = en; path = en.lproj/Localizable.strings; sourceTree = "<group>"; };
		9785C8B22AE2DA6900B7011F /* zh-Hans */ = {isa = PBXFileReference; lastKnownFileType = text.plist.strings; name = "zh-Hans"; path = "zh-Hans.lproj/Localizable.strings"; sourceTree = "<group>"; };
		9785C8B32AE2DA6A00B7011F /* zh-Hant */ = {isa = PBXFileReference; lastKnownFileType = text.plist.strings; name = "zh-Hant"; path = "zh-Hant.lproj/Localizable.strings"; sourceTree = "<group>"; };
		9785C8B42AE2DA7300B7011F /* ja */ = {isa = PBXFileReference; lastKnownFileType = text.plist.strings; name = ja; path = ja.lproj/Main.strings; sourceTree = "<group>"; };
		9785C8B52AE2DA7300B7011F /* ja */ = {isa = PBXFileReference; lastKnownFileType = text.plist.strings; name = ja; path = ja.lproj/LaunchScreen.strings; sourceTree = "<group>"; };
		9785C8B62AE2DA7300B7011F /* ja */ = {isa = PBXFileReference; lastKnownFileType = text.plist.strings; name = ja; path = ja.lproj/Localizable.strings; sourceTree = "<group>"; };
/* End PBXFileReference section */

/* Begin PBXFrameworksBuildPhase section */
		9785C8732AE2DA0D00B7011F /* Frameworks */ = {
			isa = PBXFrameworksBuildPhase;
			buildActionMask = 2147483647;
			files = (
			);
			runOnlyForDeploymentPostprocessing = 0;
		};
		9785C8892AE2DA0E00B7011F /* Frameworks */ = {
			isa = PBXFrameworksBuildPhase;
			buildActionMask = 2147483647;
			files = (
			);
			runOnlyForDeploymentPostprocessing = 0;
		};
		9785C8932AE2DA0E00B7011F /* Frameworks */ = {
			isa = PBXFrameworksBuildPhase;
			buildActionMask = 2147483647;
			files = (
			);
			runOnlyForDeploymentPostprocessing = 0;
		};
/* End PBXFrameworksBuildPhase section */

/* Begin PBXGroup section */
		9785C86D2AE2DA0D00B7011F = {
			isa = PBXGroup;
			children = (
				9785C8782AE2DA0D00B7011F /* GuseTest */,
				9785C88F2AE2DA0E00B7011F /* GuseTestTests */,
				9785C8992AE2DA0E00B7011F /* GuseTestUITests */,
				9785C8772AE2DA0D00B7011F /* Products */,
			);
			sourceTree = "<group>";
		};
		9785C8772AE2DA0D00B7011F /* Products */ = {
			isa = PBXGroup;
			children = (
				9785C8762AE2DA0D00B7011F /* GuseTest.app */,
				9785C88C2AE2DA0E00B7011F /* GuseTestTests.xctest */,
				9785C8962AE2DA0E00B7011F /* GuseTestUITests.xctest */,
			);
			name = Products;
			sourceTree = "<group>";
		};
		9785C8782AE2DA0D00B7011F /* GuseTest */ = {
			isa = PBXGroup;
			children = (
				9785C8792AE2DA0D00B7011F /* AppDelegate.swift */,
				9785C87B2AE2DA0D00B7011F /* SceneDelegate.swift */,
				9785C87D2AE2DA0D00B7011F /* ViewController.swift */,
				9785C87F2AE2DA0D00B7011F /* Main.storyboard */,
				9785C8822AE2DA0E00B7011F /* Assets.xcassets */,
				9785C8842AE2DA0E00B7011F /* LaunchScreen.storyboard */,
				9785C8872AE2DA0E00B7011F /* Info.plist */,
				9785C8B12AE2DA6700B7011F /* Localizable.strings */,
			);
			path = GuseTest;
			sourceTree = "<group>";
		};
		9785C88F2AE2DA0E00B7011F /* GuseTestTests */ = {
			isa = PBXGroup;
			children = (
				9785C8902AE2DA0E00B7011F /* GuseTestTests.swift */,
			);
			path = GuseTestTests;
			sourceTree = "<group>";
		};
		9785C8992AE2DA0E00B7011F /* GuseTestUITests */ = {
			isa = PBXGroup;
			children = (
				9785C89A2AE2DA0E00B7011F /* GuseTestUITests.swift */,
				9785C89C2AE2DA0E00B7011F /* GuseTestUITestsLaunchTests.swift */,
			);
			path = GuseTestUITests;
			sourceTree = "<group>";
		};
/* End PBXGroup section */

/* Begin PBXNativeTarget section */
		9785C8752AE2DA0D00B7011F /* GuseTest */ = {
			isa = PBXNativeTarget;
			buildConfigurationList = 9785C8A02AE2DA0E00B7011F /* Build configuration list for PBXNativeTarget "GuseTest" */;
			buildPhases = (
				9785C8722AE2DA0D00B7011F /* Sources */,
				9785C8732AE2DA0D00B7011F /* Frameworks */,
				9785C8742AE2DA0D00B7011F /* Resources */,
			);
			buildRules = (
			);
			dependencies = (
			);
			name = GuseTest;
			productName = GuseTest;
			productReference = 9785C8762AE2DA0D00B7011F /* GuseTest.app */;
			productType = "com.apple.product-type.application";
		};
		9785C88B2AE2DA0E00B7011F /* GuseTestTests */ = {
			isa = PBXNativeTarget;
			buildConfigurationList = 9785C8A32AE2DA0E00B7011F /* Build configuration list for PBXNativeTarget "GuseTestTests" */;
			buildPhases = (
				9785C8882AE2DA0E00B7011F /* Sources */,
				9785C8892AE2DA0E00B7011F /* Frameworks */,
				9785C88A2AE2DA0E00B7011F /* Resources */,
			);
			buildRules = (
			);
			dependencies = (
				9785C88E2AE2DA0E00B7011F /* PBXTargetDependency */,
			);
			name = GuseTestTests;
			productName = GuseTestTests;
			productReference = 9785C88C2AE2DA0E00B7011F /* GuseTestTests.xctest */;
			productType = "com.apple.product-type.bundle.unit-test";
		};
		9785C8952AE2DA0E00B7011F /* GuseTestUITests */ = {
			isa = PBXNativeTarget;
			buildConfigurationList = 9785C8A62AE2DA0E00B7011F /* Build configuration list for PBXNativeTarget "GuseTestUITests" */;
			buildPhases = (
				9785C8922AE2DA0E00B7011F /* Sources */,
				9785C8932AE2DA0E00B7011F /* Frameworks */,
				9785C8942AE2DA0E00B7011F /* Resources */,
			);
			buildRules = (
			);
			dependencies = (
				9785C8982AE2DA0E00B7011F /* PBXTargetDependency */,
			);
			name = GuseTestUITests;
			productName = GuseTestUITests;
			productReference = 9785C8962AE2DA0E00B7011F /* GuseTestUITests.xctest */;
			productType = "com.apple.product-type.bundle.ui-testing";
		};
/* End PBXNativeTarget section */

/* Begin PBXProject section */
		9785C86E2AE2DA0D00B7011F /* Project object */ = {
			isa = PBXProject;
			attributes = {
				BuildIndependentTargetsInParallel = 1;
				LastSwiftUpdateCheck = 1500;
				LastUpgradeCheck = 1500;
				TargetAttributes = {
					9785C8752AE2DA0D00B7011F = {
						CreatedOnToolsVersion = 15.0.1;
					};
					9785C88B2AE2DA0E00B7011F = {
						CreatedOnToolsVersion = 15.0.1;
						TestTargetID = 9785C8752AE2DA0D00B7011F;
					};
					9785C8952AE2DA0E00B7011F = {
						CreatedOnToolsVersion = 15.0.1;
						TestTargetID = 9785C8752AE2DA0D00B7011F;
					};
				};
			};
			buildConfigurationList = 9785C8712AE2DA0D00B7011F /* Build configuration list for PBXProject "GuseTest" */;
			compatibilityVersion = "Xcode 14.0";
			developmentRegion = en;
			hasScannedForEncodings = 0;
			knownRegions = (
				en,
				Base,
				"zh-Hans",
				"zh-Hant",
				ja,
			);
			mainGroup = 9785C86D2AE2DA0D00B7011F;
			productRefGroup = 9785C8772AE2DA0D00B7011F /* Products */;
			projectDirPath = "";
			projectRoot = "";
			targets = (
				9785C8752AE2DA0D00B7011F /* GuseTest */,
				9785C88B2AE2DA0E00B7011F /* GuseTestTests */,
				9785C8952AE2DA0E00B7011F /* GuseTestUITests */,
			);
		};
/* End PBXProject section */

/* Begin PBXResourcesBuildPhase section */
		9785C8742AE2DA0D00B7011F /* Resources */ = {
			isa = PBXResourcesBuildPhase;
			buildActionMask = 2147483647;
			files = (
				9785C8862AE2DA0E00B7011F /* LaunchScreen.storyboard in Resources */,
				9785C8AF2AE2DA6700B7011F /* Localizable.strings in Resources */,
				9785C8832AE2DA0E00B7011F /* Assets.xcassets in Resources */,
				9785C8812AE2DA0D00B7011F /* Main.storyboard in Resources */,
			);
			runOnlyForDeploymentPostprocessing = 0;
		};
		9785C88A2AE2DA0E00B7011F /* Resources */ = {
			isa = PBXResourcesBuildPhase;
			buildActionMask = 2147483647;
			files = (
			);
			runOnlyForDeploymentPostprocessing = 0;
		};
		9785C8942AE2DA0E00B7011F /* Resources */ = {
			isa = PBXResourcesBuildPhase;
			buildActionMask = 2147483647;
			files = (
			);
			runOnlyForDeploymentPostprocessing = 0;
		};
/* End PBXResourcesBuildPhase section */

/* Begin PBXSourcesBuildPhase section */
		9785C8722AE2DA0D00B7011F /* Sources */ = {
			isa = PBXSourcesBuildPhase;
			buildActionMask = 2147483647;
			files = (
				9785C87E2AE2DA0D00B7011F /* ViewController.swift in Sources */,
				9785C87A2AE2DA0D00B7011F /* AppDelegate.swift in Sources */,
				9785C87C2AE2DA0D00B7011F /* SceneDelegate.swift in Sources */,
			);
			runOnlyForDeploymentPostprocessing = 0;
		};
		9785C8882AE2DA0E00B7011F /* Sources */ = {
			isa = PBXSourcesBuildPhase;
			buildActionMask = 2147483647;
			files = (
				9785C8912AE2DA0E00B7011F /* GuseTestTests.swift in Sources */,
			);
			runOnlyForDeploymentPostprocessing = 0;
		};
		9785C8922AE2DA0E00B7011F /* Sources */ = {
			isa = PBXSourcesBuildPhase;
			buildActionMask = 2147483647;
			files = (
				9785C89D2AE2DA0E00B7011F /* GuseTestUITestsLaunchTests.swift in Sources */,
				9785C89B2AE2DA0E00B7011F /* GuseTestUITests.swift in Sources */,
			);
			runOnlyForDeploymentPostprocessing = 0;
		};
/* End PBXSourcesBuildPhase section */

/* Begin PBXTargetDependency section */
		9785C88E2AE2DA0E00B7011F /* PBXTargetDependency */ = {
			isa = PBXTargetDependency;
			target = 9785C8752AE2DA0D00B7011F /* GuseTest */;
			targetProxy = 9785C88D2AE2DA0E00B7011F /* PBXContainerItemProxy */;
		};
		9785C8982AE2DA0E00B7011F /* PBXTargetDependency */ = {
			isa = PBXTargetDependency;
			target = 9785C8752AE2DA0D00B7011F /* GuseTest */;
			targetProxy = 9785C8972AE2DA0E00B7011F /* PBXContainerItemProxy */;
		};
/* End PBXTargetDependency section */

/* Begin PBXVariantGroup section */
		9785C87F2AE2DA0D00B7011F /* Main.storyboard */ = {
			isa = PBXVariantGroup;
			children = (
				9785C8802AE2DA0D00B7011F /* Base */,
				9785C8A92AE2DA3300B7011F /* zh-Hans */,
				9785C8AB2AE2DA3700B7011F /* zh-Hant */,
				9785C8B42AE2DA7300B7011F /* ja */,
			);
			name = Main.storyboard;
			sourceTree = "<group>";
		};
		9785C8842AE2DA0E00B7011F /* LaunchScreen.storyboard */ = {
			isa = PBXVariantGroup;
			children = (
				9785C8852AE2DA0E00B7011F /* Base */,
				9785C8AA2AE2DA3300B7011F /* zh-Hans */,
				9785C8AC2AE2DA3700B7011F /* zh-Hant */,
				9785C8B52AE2DA7300B7011F /* ja */,
			);
			name = LaunchScreen.storyboard;
			sourceTree = "<group>";
		};
		9785C8B12AE2DA6700B7011F /* Localizable.strings */ = {
			isa = PBXVariantGroup;
			children = (
				9785C8B02AE2DA6700B7011F /* en */,
				9785C8B22AE2DA6900B7011F /* zh-Hans */,
				9785C8B32AE2DA6A00B7011F /* zh-Hant */,
				9785C8B62AE2DA7300B7011F /* ja */,
			);
			name = Localizable.strings;
			sourceTree = "<group>";
		};
/* End PBXVariantGroup section */

/* Begin XCBuildConfiguration section */
		9785C89E2AE2DA0E00B7011F /* Debug */ = {
			isa = XCBuildConfiguration;
			buildSettings = {
				ALWAYS_SEARCH_USER_PATHS = NO;
				ASSETCATALOG_COMPILER_GENERATE_SWIFT_ASSET_SYMBOL_EXTENSIONS = YES;
				CLANG_ANALYZER_LOCALIZABILITY_NONLOCALIZED = YES;
				CLANG_ANALYZER_NONNULL = YES;
				CLANG_ANALYZER_NUMBER_OBJECT_CONVERSION = YES_AGGRESSIVE;
				CLANG_CXX_LANGUAGE_STANDARD = "gnu++20";
				CLANG_ENABLE_MODULES = YES;
				CLANG_ENABLE_OBJC_ARC = YES;
				CLANG_ENABLE_OBJC_WEAK = YES;
				CLANG_WARN_BLOCK_CAPTURE_AUTORELEASING = YES;
				CLANG_WARN_BOOL_CONVERSION = YES;
				CLANG_WARN_COMMA = YES;
				CLANG_WARN_CONSTANT_CONVERSION = YES;
				CLANG_WARN_DEPRECATED_OBJC_IMPLEMENTATIONS = YES;
				CLANG_WARN_DIRECT_OBJC_ISA_USAGE = YES_ERROR;
				CLANG_WARN_DOCUMENTATION_COMMENTS = YES;
				CLANG_WARN_EMPTY_BODY = YES;
				CLANG_WARN_ENUM_CONVERSION = YES;
				CLANG_WARN_INFINITE_RECURSION = YES;
				CLANG_WARN_INT_CONVERSION = YES;
				CLANG_WARN_NON_LITERAL_NULL_CONVERSION = YES;
				CLANG_WARN_OBJC_IMPLICIT_RETAIN_SELF = YES;
				CLANG_WARN_OBJC_LITERAL_CONVERSION = YES;
				CLANG_WARN_OBJC_ROOT_CLASS = YES_ERROR;
				CLANG_WARN_QUOTED_INCLUDE_IN_FRAMEWORK_HEADER = YES;
				CLANG_WARN_RANGE_LOOP_ANALYSIS = YES;
				CLANG_WARN_STRICT_PROTOTYPES = YES;
				CLANG_WARN_SUSPICIOUS_MOVE = YES;
				CLANG_WARN_UNGUARDED_AVAILABILITY = YES_AGGRESSIVE;
				CLANG_WARN_UNREACHABLE_CODE = YES;
				CLANG_WARN__DUPLICATE_METHOD_MATCH = YES;
				COPY_PHASE_STRIP = NO;
				DEBUG_INFORMATION_FORMAT = dwarf;
				ENABLE_STRICT_OBJC_MSGSEND = YES;
				ENABLE_TESTABILITY = YES;
				ENABLE_USER_SCRIPT_SANDBOXING = YES;
				GCC_C_LANGUAGE_STANDARD = gnu17;
				GCC_DYNAMIC_NO_PIC = NO;
				GCC_NO_COMMON_BLOCKS = YES;
				GCC_OPTIMIZATION_LEVEL = 0;
				GCC_PREPROCESSOR_DEFINITIONS = (
					"DEBUG=1",
					"$(inherited)",
				);
				GCC_WARN_64_TO_32_BIT_CONVERSION = YES;
				GCC_WARN_ABOUT_RETURN_TYPE = YES_ERROR;
				GCC_WARN_UNDECLARED_SELECTOR = YES;
				GCC_WARN_UNINITIALIZED_AUTOS = YES_AGGRESSIVE;
				GCC_WARN_UNUSED_FUNCTION = YES;
				GCC_WARN_UNUSED_VARIABLE = YES;
				IPHONEOS_DEPLOYMENT_TARGET = 17.0;
				LOCALIZATION_PREFERS_STRING_CATALOGS = YES;
				MTL_ENABLE_DEBUG_INFO = INCLUDE_SOURCE;
				MTL_FAST_MATH = YES;
				ONLY_ACTIVE_ARCH = YES;
				SDKROOT = iphoneos;
				SWIFT_ACTIVE_COMPILATION_CONDITIONS = "DEBUG $(inherited)";
				SWIFT_OPTIMIZATION_LEVEL = "-Onone";
			};
			name = Debug;
		};
		9785C89F2AE2DA0E00B7011F /* Release */ = {
			isa = XCBuildConfiguration;
			buildSettings = {
				ALWAYS_SEARCH_USER_PATHS = NO;
				ASSETCATALOG_COMPILER_GENERATE_SWIFT_ASSET_SYMBOL_EXTENSIONS = YES;
				CLANG_ANALYZER_LOCALIZABILITY_NONLOCALIZED = YES;
				CLANG_ANALYZER_NONNULL = YES;
				CLANG_ANALYZER_NUMBER_OBJECT_CONVERSION = YES_AGGRESSIVE;
				CLANG_CXX_LANGUAGE_STANDARD = "gnu++20";
				CLANG_ENABLE_MODULES = YES;
				CLANG_ENABLE_OBJC_ARC = YES;
				CLANG_ENABLE_OBJC_WEAK = YES;
				CLANG_WARN_BLOCK_CAPTURE_AUTORELEASING = YES;
				CLANG_WARN_BOOL_CONVERSION = YES;
				CLANG_WARN_COMMA = YES;
				CLANG_WARN_CONSTANT_CONVERSION = YES;
				CLANG_WARN_DEPRECATED_OBJC_IMPLEMENTATIONS = YES;
				CLANG_WARN_DIRECT_OBJC_ISA_USAGE = YES_ERROR;
				CLANG_WARN_DOCUMENTATION_COMMENTS = YES;
				CLANG_WARN_EMPTY_BODY = YES;
				CLANG_WARN_ENUM_CONVERSION = YES;
				CLANG_WARN_INFINITE_RECURSION = YES;
				CLANG_WARN_INT_CONVERSION = YES;
				CLANG_WARN_NON_LITERAL_NULL_CONVERSION = YES;
				CLANG_WARN_OBJC_IMPLICIT_RETAIN_SELF = YES;
				CLANG_WARN_OBJC_LITERAL_CONVERSION = YES;
				CLANG_WARN_OBJC_ROOT_CLASS = YES_ERROR;
				CLANG_WARN_QUOTED_INCLUDE_IN_FRAMEWORK_HEADER = YES;
				CLANG_WARN_RANGE_LOOP_ANALYSIS = YES;
				CLANG_WARN_STRICT_PROTOTYPES = YES;
				CLANG_WARN_SUSPICIOUS_MOVE = YES;
				CLANG_WARN_UNGUARDED_AVAILABILITY = YES_AGGRESSIVE;
				CLANG_WARN_UNREACHABLE_CODE = YES;
				CLANG_WARN__DUPLICATE_METHOD_MATCH = YES;
				COPY_PHASE_STRIP = NO;
				DEBUG_INFORMATION_FORMAT = "dwarf-with-dsym";
				ENABLE_NS_ASSERTIONS = NO;
				ENABLE_STRICT_OBJC_MSGSEND = YES;
				ENABLE_USER_SCRIPT_SANDBOXING = YES;
				GCC_C_LANGUAGE_STANDARD = gnu17;
				GCC_NO_COMMON_BLOCKS = YES;
				GCC_WARN_64_TO_32_BIT_CONVERSION = YES;
				GCC_WARN_ABOUT_RETURN_TYPE = YES_ERROR;
				GCC_WARN_UNDECLARED_SELECTOR = YES;
				GCC_WARN_UNINITIALIZED_AUTOS = YES_AGGRESSIVE;
				GCC_WARN_UNUSED_FUNCTION = YES;
				GCC_WARN_UNUSED_VARIABLE = YES;
				IPHONEOS_DEPLOYMENT_TARGET = 17.0;
				LOCALIZATION_PREFERS_STRING_CATALOGS = YES;
				MTL_ENABLE_DEBUG_INFO = NO;
				MTL_FAST_MATH = YES;
				SDKROOT = iphoneos;
				SWIFT_COMPILATION_MODE = wholemodule;
				VALIDATE_PRODUCT = YES;
			};
			name = Release;
		};
		9785C8A12AE2DA0E00B7011F /* Debug */ = {
			isa = XCBuildConfiguration;
			buildSettings = {
				ASSETCATALOG_COMPILER_APPICON_NAME = AppIcon;
				ASSETCATALOG_COMPILER_GLOBAL_ACCENT_COLOR_NAME = AccentColor;
				CODE_SIGN_STYLE = Automatic;
				CURRENT_PROJECT_VERSION = 1;
				DEVELOPMENT_TEAM = Z3KWVX2G7V;
				GENERATE_INFOPLIST_FILE = YES;
				INFOPLIST_FILE = GuseTest/Info.plist;
				INFOPLIST_KEY_UIApplicationSupportsIndirectInputEvents = YES;
				INFOPLIST_KEY_UILaunchStoryboardName = LaunchScreen;
				INFOPLIST_KEY_UIMainStoryboardFile = Main;
				INFOPLIST_KEY_UISupportedInterfaceOrientations_iPad = "UIInterfaceOrientationPortrait UIInterfaceOrientationPortraitUpsideDown UIInterfaceOrientationLandscapeLeft UIInterfaceOrientationLandscapeRight";
				INFOPLIST_KEY_UISupportedInterfaceOrientations_iPhone = "UIInterfaceOrientationPortrait UIInterfaceOrientationLandscapeLeft UIInterfaceOrientationLandscapeRight";
				LD_RUNPATH_SEARCH_PATHS = (
					"$(inherited)",
					"@executable_path/Frameworks",
				);
				MARKETING_VERSION = 1.0;
				PRODUCT_BUNDLE_IDENTIFIER = com.guseTest.com.GuseTest;
				PRODUCT_NAME = "$(TARGET_NAME)";
				SWIFT_EMIT_LOC_STRINGS = YES;
				SWIFT_VERSION = 5.0;
				TARGETED_DEVICE_FAMILY = "1,2";
			};
			name = Debug;
		};
		9785C8A22AE2DA0E00B7011F /* Release */ = {
			isa = XCBuildConfiguration;
			buildSettings = {
				ASSETCATALOG_COMPILER_APPICON_NAME = AppIcon;
				ASSETCATALOG_COMPILER_GLOBAL_ACCENT_COLOR_NAME = AccentColor;
				CODE_SIGN_STYLE = Automatic;
				CURRENT_PROJECT_VERSION = 1;
				DEVELOPMENT_TEAM = Z3KWVX2G7V;
				GENERATE_INFOPLIST_FILE = YES;
				INFOPLIST_FILE = GuseTest/Info.plist;
				INFOPLIST_KEY_UIApplicationSupportsIndirectInputEvents = YES;
				INFOPLIST_KEY_UILaunchStoryboardName = LaunchScreen;
				INFOPLIST_KEY_UIMainStoryboardFile = Main;
				INFOPLIST_KEY_UISupportedInterfaceOrientations_iPad = "UIInterfaceOrientationPortrait UIInterfaceOrientationPortraitUpsideDown UIInterfaceOrientationLandscapeLeft UIInterfaceOrientationLandscapeRight";
				INFOPLIST_KEY_UISupportedInterfaceOrientations_iPhone = "UIInterfaceOrientationPortrait UIInterfaceOrientationLandscapeLeft UIInterfaceOrientationLandscapeRight";
				LD_RUNPATH_SEARCH_PATHS = (
					"$(inherited)",
					"@executable_path/Frameworks",
				);
				MARKETING_VERSION = 1.0;
				PRODUCT_BUNDLE_IDENTIFIER = com.guseTest.com.GuseTest;
				PRODUCT_NAME = "$(TARGET_NAME)";
				SWIFT_EMIT_LOC_STRINGS = YES;
				SWIFT_VERSION = 5.0;
				TARGETED_DEVICE_FAMILY = "1,2";
			};
			name = Release;
		};
		9785C8A42AE2DA0E00B7011F /* Debug */ = {
			isa = XCBuildConfiguration;
			buildSettings = {
				ALWAYS_EMBED_SWIFT_STANDARD_LIBRARIES = YES;
				BUNDLE_LOADER = "$(TEST_HOST)";
				CODE_SIGN_STYLE = Automatic;
				CURRENT_PROJECT_VERSION = 1;
				DEVELOPMENT_TEAM = Z3KWVX2G7V;
				GENERATE_INFOPLIST_FILE = YES;
				IPHONEOS_DEPLOYMENT_TARGET = 17.0;
				MARKETING_VERSION = 1.0;
				PRODUCT_BUNDLE_IDENTIFIER = com.guseTest.com.GuseTestTests;
				PRODUCT_NAME = "$(TARGET_NAME)";
				SWIFT_EMIT_LOC_STRINGS = NO;
				SWIFT_VERSION = 5.0;
				TARGETED_DEVICE_FAMILY = "1,2";
				TEST_HOST = "$(BUILT_PRODUCTS_DIR)/GuseTest.app/$(BUNDLE_EXECUTABLE_FOLDER_PATH)/GuseTest";
			};
			name = Debug;
		};
		9785C8A52AE2DA0E00B7011F /* Release */ = {
			isa = XCBuildConfiguration;
			buildSettings = {
				ALWAYS_EMBED_SWIFT_STANDARD_LIBRARIES = YES;
				BUNDLE_LOADER = "$(TEST_HOST)";
				CODE_SIGN_STYLE = Automatic;
				CURRENT_PROJECT_VERSION = 1;
				DEVELOPMENT_TEAM = Z3KWVX2G7V;
				GENERATE_INFOPLIST_FILE = YES;
				IPHONEOS_DEPLOYMENT_TARGET = 17.0;
				MARKETING_VERSION = 1.0;
				PRODUCT_BUNDLE_IDENTIFIER = com.guseTest.com.GuseTestTests;
				PRODUCT_NAME = "$(TARGET_NAME)";
				SWIFT_EMIT_LOC_STRINGS = NO;
				SWIFT_VERSION = 5.0;
				TARGETED_DEVICE_FAMILY = "1,2";
				TEST_HOST = "$(BUILT_PRODUCTS_DIR)/GuseTest.app/$(BUNDLE_EXECUTABLE_FOLDER_PATH)/GuseTest";
			};
			name = Release;
		};
		9785C8A72AE2DA0E00B7011F /* Debug */ = {
			isa = XCBuildConfiguration;
			buildSettings = {
				ALWAYS_EMBED_SWIFT_STANDARD_LIBRARIES = YES;
				CODE_SIGN_STYLE = Automatic;
				CURRENT_PROJECT_VERSION = 1;
				DEVELOPMENT_TEAM = Z3KWVX2G7V;
				GENERATE_INFOPLIST_FILE = YES;
				MARKETING_VERSION = 1.0;
				PRODUCT_BUNDLE_IDENTIFIER = com.guseTest.com.GuseTestUITests;
				PRODUCT_NAME = "$(TARGET_NAME)";
				SWIFT_EMIT_LOC_STRINGS = NO;
				SWIFT_VERSION = 5.0;
				TARGETED_DEVICE_FAMILY = "1,2";
				TEST_TARGET_NAME = GuseTest;
			};
			name = Debug;
		};
		9785C8A82AE2DA0E00B7011F /* Release */ = {
			isa = XCBuildConfiguration;
			buildSettings = {
				ALWAYS_EMBED_SWIFT_STANDARD_LIBRARIES = YES;
				CODE_SIGN_STYLE = Automatic;
				CURRENT_PROJECT_VERSION = 1;
				DEVELOPMENT_TEAM = Z3KWVX2G7V;
				GENERATE_INFOPLIST_FILE = YES;
				MARKETING_VERSION = 1.0;
				PRODUCT_BUNDLE_IDENTIFIER = com.guseTest.com.GuseTestUITests;
				PRODUCT_NAME = "$(TARGET_NAME)";
				SWIFT_EMIT_LOC_STRINGS = NO;
				SWIFT_VERSION = 5.0;
				TARGETED_DEVICE_FAMILY = "1,2";
				TEST_TARGET_NAME = GuseTest;
			};
			name = Release;
		};
/* End XCBuildConfiguration section */

/* Begin XCConfigurationList section */
		9785C8712AE2DA0D00B7011F /* Build configuration list for PBXProject "GuseTest" */ = {
			isa = XCConfigurationList;
			buildConfigurations = (
				9785C89E2AE2DA0E00B7011F /* Debug */,
				9785C89F2AE2DA0E00B7011F /* Release */,
			);
			defaultConfigurationIsVisible = 0;
			defaultConfigurationName = Release;
		};
		9785C8A02AE2DA0E00B7011F /* Build configuration list for PBXNativeTarget "GuseTest" */ = {
			isa = XCConfigurationList;
			buildConfigurations = (
				9785C8A12AE2DA0E00B7011F /* Debug */,
				9785C8A22AE2DA0E00B7011F /* Release */,
			);
			defaultConfigurationIsVisible = 0;
			defaultConfigurationName = Release;
		};
		9785C8A32AE2DA0E00B7011F /* Build configuration list for PBXNativeTarget "GuseTestTests" */ = {
			isa = XCConfigurationList;
			buildConfigurations = (
				9785C8A42AE2DA0E00B7011F /* Debug */,
				9785C8A52AE2DA0E00B7011F /* Release */,
			);
			defaultConfigurationIsVisible = 0;
			defaultConfigurationName = Release;
		};
		9785C8A62AE2DA0E00B7011F /* Build configuration list for PBXNativeTarget "GuseTestUITests" */ = {
			isa = XCConfigurationList;
			buildConfigurations = (
				9785C8A72AE2DA0E00B7011F /* Debug */,
				9785C8A82AE2DA0E00B7011F /* Release */,
			);
			defaultConfigurationIsVisible = 0;
			defaultConfigurationName = Release;
		};
/* End XCConfigurationList section */
	};
	rootObject = 9785C86E2AE2DA0D00B7011F /* Project object */;
}
